
Microsoft Visual Studio Solution File, Format Version 12.00
# Visual Studio 2013
VisualStudioVersion = 12.0.21005.1
MinimumVisualStudioVersion = 10.0.40219.1
Project("{FAE04EC0-301F-11D3-BF4B-00C04F79EFBC}") = "SAG", "SAG\SAG.csproj", "{4EF6743D-59F0-40E9-9EE6-2C62D355629D}"
EndProject
Project("{FAE04EC0-301F-11D3-BF4B-00C04F79EFBC}") = "SAG.Logica de Negocio", "Logica de Negocio\SAG.Logica de Negocio.csproj", "{26E9817C-46C9-40EE-A65E-EE7586BD0DBD}"
EndProject
Project("{FAE04EC0-301F-11D3-BF4B-00C04F79EFBC}") = "SAG.Class Library", "Class Library\SAG.Class Library.csproj", "{3166BFE4-9C22-47B0-A3C1-C211430C4A0C}"
EndProject
Project("{FAE04EC0-301F-11D3-BF4B-00C04F79EFBC}") = "SAG.Acceso a Datos", "Acceso a Datos\SAG.Acceso a Datos.csproj", "{7BF66AB3-D123-470C-B1E0-55BDAA034B25}"
EndProject
Global
	GlobalSection(SolutionConfigurationPlatforms) = preSolution
		Debug|Any CPU = Debug|Any CPU
		Release|Any CPU = Release|Any CPU
	EndGlobalSection
	GlobalSection(ProjectConfigurationPlatforms) = postSolution
		{4EF6743D-59F0-40E9-9EE6-2C62D355629D}.Debug|Any CPU.ActiveCfg = Debug|Any CPU
		{4EF6743D-59F0-40E9-9EE6-2C62D355629D}.Debug|Any CPU.Build.0 = Debug|Any CPU
		{4EF6743D-59F0-40E9-9EE6-2C62D355629D}.Release|Any CPU.ActiveCfg = Release|Any CPU
		{4EF6743D-59F0-40E9-9EE6-2C62D355629D}.Release|Any CPU.Build.0 = Release|Any CPU
		{26E9817C-46C9-40EE-A65E-EE7586BD0DBD}.Debug|Any CPU.ActiveCfg = Debug|Any CPU
		{26E9817C-46C9-40EE-A65E-EE7586BD0DBD}.Debug|Any CPU.Build.0 = Debug|Any CPU
		{26E9817C-46C9-40EE-A65E-EE7586BD0DBD}.Release|Any CPU.ActiveCfg = Release|Any CPU
		{26E9817C-46C9-40EE-A65E-EE7586BD0DBD}.Release|Any CPU.Build.0 = Release|Any CPU
		{3166BFE4-9C22-47B0-A3C1-C211430C4A0C}.Debug|Any CPU.ActiveCfg = Debug|Any CPU
		{3166BFE4-9C22-47B0-A3C1-C211430C4A0C}.Debug|Any CPU.Build.0 = Debug|Any CPU
		{3166BFE4-9C22-47B0-A3C1-C211430C4A0C}.Release|Any CPU.ActiveCfg = Release|Any CPU
		{3166BFE4-9C22-47B0-A3C1-C211430C4A0C}.Release|Any CPU.Build.0 = Release|Any CPU
		{7BF66AB3-D123-470C-B1E0-55BDAA034B25}.Debug|Any CPU.ActiveCfg = Debug|Any CPU
		{7BF66AB3-D123-470C-B1E0-55BDAA034B25}.Debug|Any CPU.Build.0 = Debug|Any CPU
		{7BF66AB3-D123-470C-B1E0-55BDAA034B25}.Release|Any CPU.ActiveCfg = Release|Any CPU
		{7BF66AB3-D123-470C-B1E0-55BDAA034B25}.Release|Any CPU.Build.0 = Release|Any CPU
	EndGlobalSection
	GlobalSection(SolutionProperties) = preSolution
		HideSolutionNode = FALSE
	EndGlobalSection
EndGlobal
